{
  "name": "საფინალო პროექტი",
  "lockfileVersion": 3,
  "requires": true,
  "packages": {
    "": {
      "dependencies": {
        "bpg-nostalgia": "^1.0.0"
      }
    },
    "node_modules/bpg-nostalgia": {
      "version": "1.0.0",
      "resolved": "https://registry.npmjs.org/bpg-nostalgia/-/bpg-nostalgia-1.0.0.tgz",
      "integrity": "sha512-5naqYNwdexXlXCbBNleTQziGw4KQ0mfO6xwCq2sri99SVbvIHLnjtRY179rxKRKHTiKf4vx34UwBfpNrYhoXZg=="
    }
  }
}
